{
  "lockfileVersion": 1,
  "configVersion": 1,
  "workspaces": {
    "": {
      "name": "freestate-pi-example-web",
      "dependencies": {
        "amqplib": "^2.0.1",
        "zod": "^4.1.0",
      },
    },
  },
  "packages": {
    "amqplib": ["amqplib@2.2.0", "", {}, "sha512-VifzN9aHs/Q3zTruVHXh2yCisQyXexBN91CQ2E5iSyUKyNjH6ilYhJGte5AXZH/Bj1PaH7SwPhyuSf6Msd2udw=="],

    "zod": ["zod@4.6.5", "", {}, "sha512-v5l/aFXZQeai4awLbOpSoHecE9UiMrnfx75tEXLjNonXVARxQ5mOeipTjROUchszUNCqnE+hqAMujRsRHsut2Q=="],
  }
}
